
Microsoft Visual Studio Solution File, Format Version 12.00
# Visual Studio 15
VisualStudioVersion = 15.0.27729.1
MinimumVisualStudioVersion = 10.0.40219.1
Project("{9A19103F-16F7-4668-BE54-9A1E7A4F7556}") = "NoOpsJp.CosmosDbScaler", "NoOpsJp.CosmosDbScaler.ThroughputMonitor\NoOpsJp.CosmosDbScaler.csproj", "{5A7DBFEF-1BBE-42D8-BCAD-C9BC034FAE64}"
EndProject
Global
	GlobalSection(SolutionConfigurationPlatforms) = preSolution
		Debug|Any CPU = Debug|Any CPU
		Release|Any CPU = Release|Any CPU
	EndGlobalSection
	GlobalSection(ProjectConfigurationPlatforms) = postSolution
		{5A7DBFEF-1BBE-42D8-BCAD-C9BC034FAE64}.Debug|Any CPU.ActiveCfg = Debug|Any CPU
		{5A7DBFEF-1BBE-42D8-BCAD-C9BC034FAE64}.Debug|Any CPU.Build.0 = Debug|Any CPU
		{5A7DBFEF-1BBE-42D8-BCAD-C9BC034FAE64}.Release|Any CPU.ActiveCfg = Release|Any CPU
		{5A7DBFEF-1BBE-42D8-BCAD-C9BC034FAE64}.Release|Any CPU.Build.0 = Release|Any CPU
	EndGlobalSection
	GlobalSection(SolutionProperties) = preSolution
		HideSolutionNode = FALSE
	EndGlobalSection
	GlobalSection(ExtensibilityGlobals) = postSolution
		SolutionGuid = {ED2DEA46-C0A1-413B-AC9A-6ED185C57495}
	EndGlobalSection
EndGlobal
