
Microsoft Visual Studio Solution File, Format Version 12.00
# Visual Studio 15
VisualStudioVersion = 15.0.26730.3
MinimumVisualStudioVersion = 10.0.40219.1
Project("{9A19103F-16F7-4668-BE54-9A1E7A4F7556}") = "quickstartcore", "quickstartcore.csproj", "{2BF2D8FB-B6E0-49A0-B5E1-D01F4F7C4D37}"
EndProject
Global
	GlobalSection(SolutionConfigurationPlatforms) = preSolution
		Debug|Any CPU = Debug|Any CPU
		Release|Any CPU = Release|Any CPU
	EndGlobalSection
	GlobalSection(ProjectConfigurationPlatforms) = postSolution
		{2BF2D8FB-B6E0-49A0-B5E1-D01F4F7C4D37}.Debug|Any CPU.ActiveCfg = Debug|Any CPU
		{2BF2D8FB-B6E0-49A0-B5E1-D01F4F7C4D37}.Debug|Any CPU.Build.0 = Debug|Any CPU
		{2BF2D8FB-B6E0-49A0-B5E1-D01F4F7C4D37}.Release|Any CPU.ActiveCfg = Release|Any CPU
		{2BF2D8FB-B6E0-49A0-B5E1-D01F4F7C4D37}.Release|Any CPU.Build.0 = Release|Any CPU
	EndGlobalSection
	GlobalSection(SolutionProperties) = preSolution
		HideSolutionNode = FALSE
	EndGlobalSection
	GlobalSection(ExtensibilityGlobals) = postSolution
		SolutionGuid = {DA6B5F8C-AD2A-488A-86F7-AE8C747F2CE6}
	EndGlobalSection
EndGlobal
