
Microsoft Visual Studio Solution File, Format Version 12.00
# Visual Studio 15
VisualStudioVersion = 15.0.27729.1
MinimumVisualStudioVersion = 10.0.40219.1
Project("{FAE04EC0-301F-11D3-BF4B-00C04F79EFBC}") = "NoOpsJp.CosmosDbScaler.ThroughputAnalyzer.Test", "NoOpsJp.CosmosDbScaler.ThroughputAnalyzer.Test\NoOpsJp.CosmosDbScaler.ThroughputAnalyzer.Test.csproj", "{1E130C76-9A63-4486-8222-31284884CC2A}"
EndProject
Project("{9A19103F-16F7-4668-BE54-9A1E7A4F7556}") = "NoOpsJp.CosmosDbScaler.ThroughputMonitor", "..\..\src\NoOpsJp.CosmosDbScaler\NoOpsJp.CosmosDbScaler.ThroughputMonitor\NoOpsJp.CosmosDbScaler.ThroughputMonitor.csproj", "{5A6A9C51-AD8F-45DD-B242-6704BCD90FEC}"
EndProject
Global
	GlobalSection(SolutionConfigurationPlatforms) = preSolution
		Debug|Any CPU = Debug|Any CPU
		Release|Any CPU = Release|Any CPU
	EndGlobalSection
	GlobalSection(ProjectConfigurationPlatforms) = postSolution
		{1E130C76-9A63-4486-8222-31284884CC2A}.Debug|Any CPU.ActiveCfg = Debug|Any CPU
		{1E130C76-9A63-4486-8222-31284884CC2A}.Debug|Any CPU.Build.0 = Debug|Any CPU
		{1E130C76-9A63-4486-8222-31284884CC2A}.Release|Any CPU.ActiveCfg = Release|Any CPU
		{1E130C76-9A63-4486-8222-31284884CC2A}.Release|Any CPU.Build.0 = Release|Any CPU
		{5A6A9C51-AD8F-45DD-B242-6704BCD90FEC}.Debug|Any CPU.ActiveCfg = Debug|Any CPU
		{5A6A9C51-AD8F-45DD-B242-6704BCD90FEC}.Debug|Any CPU.Build.0 = Debug|Any CPU
		{5A6A9C51-AD8F-45DD-B242-6704BCD90FEC}.Release|Any CPU.ActiveCfg = Release|Any CPU
		{5A6A9C51-AD8F-45DD-B242-6704BCD90FEC}.Release|Any CPU.Build.0 = Release|Any CPU
	EndGlobalSection
	GlobalSection(SolutionProperties) = preSolution
		HideSolutionNode = FALSE
	EndGlobalSection
	GlobalSection(ExtensibilityGlobals) = postSolution
		SolutionGuid = {66041F46-DFF7-49C3-8C93-6EDE34C0754E}
	EndGlobalSection
EndGlobal
